PODS:
  - Alamofire (4.8.2)
  - Kingfisher (5.4.0)
  - KMPlaceholderTextView (1.4.0)
  - ReachabilitySwift (4.3.1)
  - SVProgressHUD (2.2.5)
  - Toast-Swift (5.0.1)
  - TPKeyboardAvoiding (1.3.3)
  - TTTAttributedLabel (2.0.0)

DEPENDENCIES:
  - Alamofire (~> 4.8.2)
  - Kingfisher (~> 5.4.0)
  - KMPlaceholderTextView (~> 1.4.0)
  - ReachabilitySwift (~> 4.3.1)
  - SVProgressHUD (~> 2.2.5)
  - Toast-Swift (~> 5.0.0)
  - TPKeyboardAvoiding (~> 1.3.2)
  - TTTAttributedLabel (~> 2.0.0)

SPEC REPOS:
  trunk:
    - Alamofire
    - Kingfisher
    - KMPlaceholderTextView
    - ReachabilitySwift
    - SVProgressHUD
    - Toast-Swift
    - TPKeyboardAvoiding
    - TTTAttributedLabel

SPEC CHECKSUMS:
  Alamofire: ae5c501addb7afdbb13687d7f2f722c78734c2d3
  Kingfisher: 9c8f2cc6710334e06f32ba2b45e77707d5e2f0c9
  KMPlaceholderTextView: 2206c3df39979e9396e2d96fa9f427a8951121b0
  ReachabilitySwift: 4032e2f59586e11e3b0ebe15b167abdd587a388b
  SVProgressHUD: 1428aafac632c1f86f62aa4243ec12008d7a51d6
  Toast-Swift: 9b6a70f28b3bf0b96c40d46c0c4b9d6639846711
  TPKeyboardAvoiding: 6dd3fe3268b8f2627beb7ff3d82a3cacbdf66a36
  TTTAttributedLabel: 8cffe8e127e4e82ff3af1e5386d4cd0ad000b656

PODFILE CHECKSUM: 999d92c7719634f8aa7cddcf58227eaf08f483e7

COCOAPODS: 1.8.4
